
Microsoft Visual Studio Solution File, Format Version 12.00
# Visual Studio 2013
VisualStudioVersion = 12.0.31101.0
MinimumVisualStudioVersion = 10.0.40219.1
Project("{FAE04EC0-301F-11D3-BF4B-00C04F79EFBC}") = "MangoApps.Client", "MangoApps.Client\MangoApps.Client.csproj", "{54FF6326-3B70-4443-A623-AB1C8188C070}"
EndProject
Project("{2150E333-8FDC-42A3-9474-1A3956D46DE8}") = ".nuget", ".nuget", "{06342414-F1E7-4F3D-8BCF-7255DA425205}"
	ProjectSection(SolutionItems) = preProject
		MangoAppsNet.nuspec = MangoAppsNet.nuspec
		.nuget\NuGet.Config = .nuget\NuGet.Config
		.nuget\NuGet.exe = .nuget\NuGet.exe
		.nuget\NuGet.targets = .nuget\NuGet.targets
	EndProjectSection
EndProject
Project("{FAE04EC0-301F-11D3-BF4B-00C04F79EFBC}") = "MangoApps.Client.Test", "MangoApps.Client.Test\MangoApps.Client.Test.csproj", "{8C40EE4A-70A9-4C93-863B-C460314AC729}"
EndProject
Project("{2150E333-8FDC-42A3-9474-1A3956D46DE8}") = "Solution Items", "Solution Items", "{81AF8A45-2F3D-40B7-A99A-7872DDCAA164}"
	ProjectSection(SolutionItems) = preProject
		MangoAppsAPI.pdf = MangoAppsAPI.pdf
	EndProjectSection
EndProject
Global
	GlobalSection(SolutionConfigurationPlatforms) = preSolution
		Debug|Any CPU = Debug|Any CPU
		Release|Any CPU = Release|Any CPU
	EndGlobalSection
	GlobalSection(ProjectConfigurationPlatforms) = postSolution
		{54FF6326-3B70-4443-A623-AB1C8188C070}.Debug|Any CPU.ActiveCfg = Debug|Any CPU
		{54FF6326-3B70-4443-A623-AB1C8188C070}.Debug|Any CPU.Build.0 = Debug|Any CPU
		{54FF6326-3B70-4443-A623-AB1C8188C070}.Release|Any CPU.ActiveCfg = Release|Any CPU
		{54FF6326-3B70-4443-A623-AB1C8188C070}.Release|Any CPU.Build.0 = Release|Any CPU
		{8C40EE4A-70A9-4C93-863B-C460314AC729}.Debug|Any CPU.ActiveCfg = Debug|Any CPU
		{8C40EE4A-70A9-4C93-863B-C460314AC729}.Debug|Any CPU.Build.0 = Debug|Any CPU
		{8C40EE4A-70A9-4C93-863B-C460314AC729}.Release|Any CPU.ActiveCfg = Release|Any CPU
		{8C40EE4A-70A9-4C93-863B-C460314AC729}.Release|Any CPU.Build.0 = Release|Any CPU
	EndGlobalSection
	GlobalSection(SolutionProperties) = preSolution
		HideSolutionNode = FALSE
	EndGlobalSection
EndGlobal
